
Microsoft Visual Studio Solution File, Format Version 12.00
# Visual Studio Version 17
VisualStudioVersion = 17.11.35219.272
MinimumVisualStudioVersion = 10.0.40219.1
Project("{FAE04EC0-301F-11D3-BF4B-00C04F79EFBC}") = "C# for extra credit", "C# for extra credit\C# for extra credit.csproj", "{4041F58B-A439-4EA9-AE99-1C0AABC67418}"
EndProject
Global
	GlobalSection(SolutionConfigurationPlatforms) = preSolution
		Debug|Any CPU = Debug|Any CPU
		Release|Any CPU = Release|Any CPU
	EndGlobalSection
	GlobalSection(ProjectConfigurationPlatforms) = postSolution
		{4041F58B-A439-4EA9-AE99-1C0AABC67418}.Debug|Any CPU.ActiveCfg = Debug|Any CPU
		{4041F58B-A439-4EA9-AE99-1C0AABC67418}.Debug|Any CPU.Build.0 = Debug|Any CPU
		{4041F58B-A439-4EA9-AE99-1C0AABC67418}.Release|Any CPU.ActiveCfg = Release|Any CPU
		{4041F58B-A439-4EA9-AE99-1C0AABC67418}.Release|Any CPU.Build.0 = Release|Any CPU
	EndGlobalSection
	GlobalSection(SolutionProperties) = preSolution
		HideSolutionNode = FALSE
	EndGlobalSection
	GlobalSection(ExtensibilityGlobals) = postSolution
		SolutionGuid = {BF9A7CAE-DDE2-4C59-B2B7-3CA66C41C00E}
	EndGlobalSection
EndGlobal
